# This file is generated by running "yarn install" inside your project.
# Manual changes might be lost - proceed with caution!

__metadata:
  version: 8
  cacheKey: 10c0

"@bcherny/json-schema-ref-parser@npm:10.0.5-fork":
  version: 10.0.5-fork
  resolution: "@bcherny/json-schema-ref-parser@npm:10.0.5-fork"
  dependencies:
    "@jsdevtools/ono": "npm:^7.1.3"
    "@types/json-schema": "npm:^7.0.6"
    call-me-maybe: "npm:^1.0.1"
    js-yaml: "npm:^4.1.0"
  checksum: 10c0/3fb8aa660e4ec457df56224cda531ad92495a24aa8c05788761b74716169c781aebceb3476b072d327efe48b52c1a0c3ddc57823c0e8c4503abb2a7d82b43235
  languageName: node
  linkType: hard

"@jsdevtools/ono@npm:^7.1.3":
  version: 7.1.3
  resolution: "@jsdevtools/ono@npm:7.1.3"
  checksum: 10c0/a9f7e3e8e3bc315a34959934a5e2f874c423cf4eae64377d3fc9de0400ed9f36cb5fd5ebce3300d2e8f4085f557c4a8b591427a583729a87841fda46e6c216b9
  languageName: node
  linkType: hard

"@nodelib/fs.scandir@npm:2.1.5":
  version: 2.1.5
  resolution: "@nodelib/fs.scandir@npm:2.1.5"
  dependencies:
    "@nodelib/fs.stat": "npm:2.0.5"
    run-parallel: "npm:^1.1.9"
  checksum: 10c0/732c3b6d1b1e967440e65f284bd06e5821fedf10a1bea9ed2bb75956ea1f30e08c44d3def9d6a230666574edbaf136f8cfd319c14fd1f87c66e6a44449afb2eb
  languageName: node
  linkType: hard

"@nodelib/fs.stat@npm:2.0.5, @nodelib/fs.stat@npm:^2.0.2":
  version: 2.0.5
  resolution: "@nodelib/fs.stat@npm:2.0.5"
  checksum: 10c0/88dafe5e3e29a388b07264680dc996c17f4bda48d163a9d4f5c1112979f0ce8ec72aa7116122c350b4e7976bc5566dc3ddb579be1ceaacc727872eb4ed93926d
  languageName: node
  linkType: hard

"@nodelib/fs.walk@npm:^1.2.3":
  version: 1.2.8
  resolution: "@nodelib/fs.walk@npm:1.2.8"
  dependencies:
    "@nodelib/fs.scandir": "npm:2.1.5"
    fastq: "npm:^1.6.0"
  checksum: 10c0/db9de047c3bb9b51f9335a7bb46f4fcfb6829fb628318c12115fbaf7d369bfce71c15b103d1fc3b464812d936220ee9bc1c8f762d032c9f6be9acc99249095b1
  languageName: node
  linkType: hard

"@serverlessinbox/mailbox-idl-jmap@workspace:.":
  version: 0.0.0-use.local
  resolution: "@serverlessinbox/mailbox-idl-jmap@workspace:."
  dependencies:
    ajv: "npm:^8"
    fast-glob: "npm:^3.3.2"
    json-schema-to-typescript: "npm:^13.1.2"
    yaml: "npm:^2.4.5"
  languageName: unknown
  linkType: soft

"@types/glob@npm:^7.1.3":
  version: 7.2.0
  resolution: "@types/glob@npm:7.2.0"
  dependencies:
    "@types/minimatch": "npm:*"
    "@types/node": "npm:*"
  checksum: 10c0/a8eb5d5cb5c48fc58c7ca3ff1e1ddf771ee07ca5043da6e4871e6757b4472e2e73b4cfef2644c38983174a4bc728c73f8da02845c28a1212f98cabd293ecae98
  languageName: node
  linkType: hard

"@types/json-schema@npm:^7.0.11, @types/json-schema@npm:^7.0.6":
  version: 7.0.15
  resolution: "@types/json-schema@npm:7.0.15"
  checksum: 10c0/a996a745e6c5d60292f36731dd41341339d4eeed8180bb09226e5c8d23759067692b1d88e5d91d72ee83dfc00d3aca8e7bd43ea120516c17922cbcb7c3e252db
  languageName: node
  linkType: hard

"@types/lodash@npm:^4.14.182":
  version: 4.17.23
  resolution: "@types/lodash@npm:4.17.23"
  checksum: 10c0/9d9cbfb684e064a2b78aab9e220d398c9c2a7d36bc51a07b184ff382fa043a99b3d00c16c7f109b4eb8614118f4869678dbae7d5c6700ed16fb9340e26cc0bf6
  languageName: node
  linkType: hard

"@types/minimatch@npm:*":
  version: 5.1.2
  resolution: "@types/minimatch@npm:5.1.2"
  checksum: 10c0/83cf1c11748891b714e129de0585af4c55dd4c2cafb1f1d5233d79246e5e1e19d1b5ad9e8db449667b3ffa2b6c80125c429dbee1054e9efb45758dbc4e118562
  languageName: node
  linkType: hard

"@types/node@npm:*":
  version: 25.0.10
  resolution: "@types/node@npm:25.0.10"
  dependencies:
    undici-types: "npm:~7.16.0"
  checksum: 10c0/9edc3c812b487c32c76eebac7c87acae1f69515a0bc3f6b545806d513eb9e918c3217bf751dc93da39f60e06bf1b0caa92258ef3a6dd6457124b2e761e54f61f
  languageName: node
  linkType: hard

"@types/prettier@npm:^2.6.1":
  version: 2.7.3
  resolution: "@types/prettier@npm:2.7.3"
  checksum: 10c0/0960b5c1115bb25e979009d0b44c42cf3d792accf24085e4bfce15aef5794ea042e04e70c2139a2c3387f781f18c89b5706f000ddb089e9a4a2ccb7536a2c5f0
  languageName: node
  linkType: hard

"ajv@npm:^8":
  version: 8.20.0
  resolution: "ajv@npm:8.20.0"
  dependencies:
    fast-deep-equal: "npm:^3.1.3"
    fast-uri: "npm:^3.0.1"
    json-schema-traverse: "npm:^1.0.0"
    require-from-string: "npm:^2.0.2"
  checksum: 10c0/5df9a1c8f83863cde1bd3a9ddb426f599718f88e3dc9153616c79fb28e0be455335830d7f21d745576519f057b371352daa31047b6a33d7036fe08777d60cf2a
  languageName: node
  linkType: hard

"any-promise@npm:^1.0.0":
  version: 1.3.0
  resolution: "any-promise@npm:1.3.0"
  checksum: 10c0/60f0298ed34c74fef50daab88e8dab786036ed5a7fad02e012ab57e376e0a0b4b29e83b95ea9b5e7d89df762f5f25119b83e00706ecaccb22cfbacee98d74889
  languageName: node
  linkType: hard

"argparse@npm:^2.0.1":
  version: 2.0.1
  resolution: "argparse@npm:2.0.1"
  checksum: 10c0/c5640c2d89045371c7cedd6a70212a04e360fd34d6edeae32f6952c63949e3525ea77dbec0289d8213a99bbaeab5abfa860b5c12cf88a2e6cf8106e90dd27a7e
  languageName: node
  linkType: hard

"balanced-match@npm:^1.0.0":
  version: 1.0.2
  resolution: "balanced-match@npm:1.0.2"
  checksum: 10c0/9308baf0a7e4838a82bbfd11e01b1cb0f0cf2893bc1676c27c2a8c0e70cbae1c59120c3268517a8ae7fb6376b4639ef81ca22582611dbee4ed28df945134aaee
  languageName: node
  linkType: hard

"brace-expansion@npm:^1.1.7":
  version: 1.1.12
  resolution: "brace-expansion@npm:1.1.12"
  dependencies:
    balanced-match: "npm:^1.0.0"
    concat-map: "npm:0.0.1"
  checksum: 10c0/975fecac2bb7758c062c20d0b3b6288c7cc895219ee25f0a64a9de662dbac981ff0b6e89909c3897c1f84fa353113a721923afdec5f8b2350255b097f12b1f73
  languageName: node
  linkType: hard

"braces@npm:^3.0.3":
  version: 3.0.3
  resolution: "braces@npm:3.0.3"
  dependencies:
    fill-range: "npm:^7.1.1"
  checksum: 10c0/7c6dfd30c338d2997ba77500539227b9d1f85e388a5f43220865201e407e076783d0881f2d297b9f80951b4c957fcf0b51c1d2d24227631643c3f7c284b0aa04
  languageName: node
  linkType: hard

"call-me-maybe@npm:^1.0.1":
  version: 1.0.2
  resolution: "call-me-maybe@npm:1.0.2"
  checksum: 10c0/8eff5dbb61141ebb236ed71b4e9549e488bcb5451c48c11e5667d5c75b0532303788a1101e6978cafa2d0c8c1a727805599c2741e3e0982855c9f1d78cd06c9f
  languageName: node
  linkType: hard

"cli-color@npm:^2.0.2":
  version: 2.0.4
  resolution: "cli-color@npm:2.0.4"
  dependencies:
    d: "npm:^1.0.1"
    es5-ext: "npm:^0.10.64"
    es6-iterator: "npm:^2.0.3"
    memoizee: "npm:^0.4.15"
    timers-ext: "npm:^0.1.7"
  checksum: 10c0/49a0078fa3517cdfb3ad919a05ab2fe7352d9c9f0617937c38fc6245a38101632d9a23f40a53b2818773d2694b8ae814ff760801a702a26d76b297990ce8d399
  languageName: node
  linkType: hard

"concat-map@npm:0.0.1":
  version: 0.0.1
  resolution: "concat-map@npm:0.0.1"
  checksum: 10c0/c996b1cfdf95b6c90fee4dae37e332c8b6eb7d106430c17d538034c0ad9a1630cb194d2ab37293b1bdd4d779494beee7786d586a50bd9376fd6f7bcc2bd4c98f
  languageName: node
  linkType: hard

"d@npm:1, d@npm:^1.0.1, d@npm:^1.0.2":
  version: 1.0.2
  resolution: "d@npm:1.0.2"
  dependencies:
    es5-ext: "npm:^0.10.64"
    type: "npm:^2.7.2"
  checksum: 10c0/3e6ede10cd3b77586c47da48423b62bed161bf1a48bdbcc94d87263522e22f5dfb0e678a6dba5323fdc14c5d8612b7f7eb9e7d9e37b2e2d67a7bf9f116dabe5a
  languageName: node
  linkType: hard

"es5-ext@npm:^0.10.35, es5-ext@npm:^0.10.46, es5-ext@npm:^0.10.62, es5-ext@npm:^0.10.64, es5-ext@npm:~0.10.14, es5-ext@npm:~0.10.2":
  version: 0.10.64
  resolution: "es5-ext@npm:0.10.64"
  dependencies:
    es6-iterator: "npm:^2.0.3"
    es6-symbol: "npm:^3.1.3"
    esniff: "npm:^2.0.1"
    next-tick: "npm:^1.1.0"
  checksum: 10c0/4459b6ae216f3c615db086e02437bdfde851515a101577fd61b19f9b3c1ad924bab4d197981eb7f0ccb915f643f2fc10ff76b97a680e96cbb572d15a27acd9a3
  languageName: node
  linkType: hard

"es6-iterator@npm:^2.0.3":
  version: 2.0.3
  resolution: "es6-iterator@npm:2.0.3"
  dependencies:
    d: "npm:1"
    es5-ext: "npm:^0.10.35"
    es6-symbol: "npm:^3.1.1"
  checksum: 10c0/91f20b799dba28fb05bf623c31857fc1524a0f1c444903beccaf8929ad196c8c9ded233e5ac7214fc63a92b3f25b64b7f2737fcca8b1f92d2d96cf3ac902f5d8
  languageName: node
  linkType: hard

"es6-symbol@npm:^3.1.1, es6-symbol@npm:^3.1.3":
  version: 3.1.4
  resolution: "es6-symbol@npm:3.1.4"
  dependencies:
    d: "npm:^1.0.2"
    ext: "npm:^1.7.0"
  checksum: 10c0/777bf3388db5d7919e09a0fd175aa5b8a62385b17cb2227b7a137680cba62b4d9f6193319a102642aa23d5840d38a62e4784f19cfa5be4a2210a3f0e9b23d15d
  languageName: node
  linkType: hard

"es6-weak-map@npm:^2.0.3":
  version: 2.0.3
  resolution: "es6-weak-map@npm:2.0.3"
  dependencies:
    d: "npm:1"
    es5-ext: "npm:^0.10.46"
    es6-iterator: "npm:^2.0.3"
    es6-symbol: "npm:^3.1.1"
  checksum: 10c0/460932be9542473dbbddd183e21c15a66cfec1b2c17dae2b514e190d6fb2896b7eb683783d4b36da036609d2e1c93d2815f21b374dfccaf02a8978694c2f7b67
  languageName: node
  linkType: hard

"esniff@npm:^2.0.1":
  version: 2.0.1
  resolution: "esniff@npm:2.0.1"
  dependencies:
    d: "npm:^1.0.1"
    es5-ext: "npm:^0.10.62"
    event-emitter: "npm:^0.3.5"
    type: "npm:^2.7.2"
  checksum: 10c0/7efd8d44ac20e5db8cb0ca77eb65eca60628b2d0f3a1030bcb05e71cc40e6e2935c47b87dba3c733db12925aa5b897f8e0e7a567a2c274206f184da676ea2e65
  languageName: node
  linkType: hard

"event-emitter@npm:^0.3.5":
  version: 0.3.5
  resolution: "event-emitter@npm:0.3.5"
  dependencies:
    d: "npm:1"
    es5-ext: "npm:~0.10.14"
  checksum: 10c0/75082fa8ffb3929766d0f0a063bfd6046bd2a80bea2666ebaa0cfd6f4a9116be6647c15667bea77222afc12f5b4071b68d393cf39fdaa0e8e81eda006160aff0
  languageName: node
  linkType: hard

"ext@npm:^1.7.0":
  version: 1.7.0
  resolution: "ext@npm:1.7.0"
  dependencies:
    type: "npm:^2.7.2"
  checksum: 10c0/a8e5f34e12214e9eee3a4af3b5c9d05ba048f28996450975b369fc86e5d0ef13b6df0615f892f5396a9c65d616213c25ec5b0ad17ef42eac4a500512a19da6c7
  languageName: node
  linkType: hard

"fast-deep-equal@npm:^3.1.3":
  version: 3.1.3
  resolution: "fast-deep-equal@npm:3.1.3"
  checksum: 10c0/40dedc862eb8992c54579c66d914635afbec43350afbbe991235fdcb4e3a8d5af1b23ae7e79bef7d4882d0ecee06c3197488026998fb19f72dc95acff1d1b1d0
  languageName: node
  linkType: hard

"fast-glob@npm:^3.3.2":
  version: 3.3.3
  resolution: "fast-glob@npm:3.3.3"
  dependencies:
    "@nodelib/fs.stat": "npm:^2.0.2"
    "@nodelib/fs.walk": "npm:^1.2.3"
    glob-parent: "npm:^5.1.2"
    merge2: "npm:^1.3.0"
    micromatch: "npm:^4.0.8"
  checksum: 10c0/f6aaa141d0d3384cf73cbcdfc52f475ed293f6d5b65bfc5def368b09163a9f7e5ec2b3014d80f733c405f58e470ee0cc451c2937685045cddcdeaa24199c43fe
  languageName: node
  linkType: hard

"fast-uri@npm:^3.0.1":
  version: 3.1.2
  resolution: "fast-uri@npm:3.1.2"
  checksum: 10c0/5b35641895959f3f7ab7a7b1b5542bded159346f25ec9f256817b206d50b64eda5828e90d605a2e2fc645c90519a7259c2bab2c942ee728c88b88e5be21b090d
  languageName: node
  linkType: hard

"fastq@npm:^1.6.0":
  version: 1.20.1
  resolution: "fastq@npm:1.20.1"
  dependencies:
    reusify: "npm:^1.0.4"
  checksum: 10c0/e5dd725884decb1f11e5c822221d76136f239d0236f176fab80b7b8f9e7619ae57e6b4e5b73defc21e6b9ef99437ee7b545cff8e6c2c337819633712fa9d352e
  languageName: node
  linkType: hard

"fill-range@npm:^7.1.1":
  version: 7.1.1
  resolution: "fill-range@npm:7.1.1"
  dependencies:
    to-regex-range: "npm:^5.0.1"
  checksum: 10c0/b75b691bbe065472f38824f694c2f7449d7f5004aa950426a2c28f0306c60db9b880c0b0e4ed819997ffb882d1da02cfcfc819bddc94d71627f5269682edf018
  languageName: node
  linkType: hard

"fs.realpath@npm:^1.0.0":
  version: 1.0.0
  resolution: "fs.realpath@npm:1.0.0"
  checksum: 10c0/444cf1291d997165dfd4c0d58b69f0e4782bfd9149fd72faa4fe299e68e0e93d6db941660b37dd29153bf7186672ececa3b50b7e7249477b03fdf850f287c948
  languageName: node
  linkType: hard

"get-stdin@npm:^8.0.0":
  version: 8.0.0
  resolution: "get-stdin@npm:8.0.0"
  checksum: 10c0/b71b72b83928221052f713b3b6247ebf1ceaeb4ef76937778557537fd51ad3f586c9e6a7476865022d9394b39b74eed1dc7514052fa74d80625276253571b76f
  languageName: node
  linkType: hard

"glob-parent@npm:^5.1.2":
  version: 5.1.2
  resolution: "glob-parent@npm:5.1.2"
  dependencies:
    is-glob: "npm:^4.0.1"
  checksum: 10c0/cab87638e2112bee3f839ef5f6e0765057163d39c66be8ec1602f3823da4692297ad4e972de876ea17c44d652978638d2fd583c6713d0eb6591706825020c9ee
  languageName: node
  linkType: hard

"glob-promise@npm:^4.2.2":
  version: 4.2.2
  resolution: "glob-promise@npm:4.2.2"
  dependencies:
    "@types/glob": "npm:^7.1.3"
  peerDependencies:
    glob: ^7.1.6
  checksum: 10c0/3eb01bed2901539365df6a4d27800afb8788840647d01f9bf3500b3de756597f2ff4b8c823971ace34db228c83159beca459dc42a70968d4e9c8200ed2cc96bd
  languageName: node
  linkType: hard

"glob@npm:^7.1.6":
  version: 7.2.3
  resolution: "glob@npm:7.2.3"
  dependencies:
    fs.realpath: "npm:^1.0.0"
    inflight: "npm:^1.0.4"
    inherits: "npm:2"
    minimatch: "npm:^3.1.1"
    once: "npm:^1.3.0"
    path-is-absolute: "npm:^1.0.0"
  checksum: 10c0/65676153e2b0c9095100fe7f25a778bf45608eeb32c6048cf307f579649bcc30353277b3b898a3792602c65764e5baa4f643714dfbdfd64ea271d210c7a425fe
  languageName: node
  linkType: hard

"inflight@npm:^1.0.4":
  version: 1.0.6
  resolution: "inflight@npm:1.0.6"
  dependencies:
    once: "npm:^1.3.0"
    wrappy: "npm:1"
  checksum: 10c0/7faca22584600a9dc5b9fca2cd5feb7135ac8c935449837b315676b4c90aa4f391ec4f42240178244b5a34e8bede1948627fda392ca3191522fc46b34e985ab2
  languageName: node
  linkType: hard

"inherits@npm:2":
  version: 2.0.4
  resolution: "inherits@npm:2.0.4"
  checksum: 10c0/4e531f648b29039fb7426fb94075e6545faa1eb9fe83c29f0b6d9e7263aceb4289d2d4557db0d428188eeb449cc7c5e77b0a0b2c4e248ff2a65933a0dee49ef2
  languageName: node
  linkType: hard

"is-extglob@npm:^2.1.1":
  version: 2.1.1
  resolution: "is-extglob@npm:2.1.1"
  checksum: 10c0/5487da35691fbc339700bbb2730430b07777a3c21b9ebaecb3072512dfd7b4ba78ac2381a87e8d78d20ea08affb3f1971b4af629173a6bf435ff8a4c47747912
  languageName: node
  linkType: hard

"is-glob@npm:^4.0.1, is-glob@npm:^4.0.3":
  version: 4.0.3
  resolution: "is-glob@npm:4.0.3"
  dependencies:
    is-extglob: "npm:^2.1.1"
  checksum: 10c0/17fb4014e22be3bbecea9b2e3a76e9e34ff645466be702f1693e8f1ee1adac84710d0be0bd9f967d6354036fd51ab7c2741d954d6e91dae6bb69714de92c197a
  languageName: node
  linkType: hard

"is-number@npm:^7.0.0":
  version: 7.0.0
  resolution: "is-number@npm:7.0.0"
  checksum: 10c0/b4686d0d3053146095ccd45346461bc8e53b80aeb7671cc52a4de02dbbf7dc0d1d2a986e2fe4ae206984b4d34ef37e8b795ebc4f4295c978373e6575e295d811
  languageName: node
  linkType: hard

"is-promise@npm:^2.2.2":
  version: 2.2.2
  resolution: "is-promise@npm:2.2.2"
  checksum: 10c0/2dba959812380e45b3df0fb12e7cb4d4528c989c7abb03ececb1d1fd6ab1cbfee956ca9daa587b9db1d8ac3c1e5738cf217bdb3dfd99df8c691be4c00ae09069
  languageName: node
  linkType: hard

"js-yaml@npm:^4.1.0":
  version: 4.1.1
  resolution: "js-yaml@npm:4.1.1"
  dependencies:
    argparse: "npm:^2.0.1"
  bin:
    js-yaml: bin/js-yaml.js
  checksum: 10c0/561c7d7088c40a9bb53cc75becbfb1df6ae49b34b5e6e5a81744b14ae8667ec564ad2527709d1a6e7d5e5fa6d483aa0f373a50ad98d42fde368ec4a190d4fae7
  languageName: node
  linkType: hard

"json-schema-to-typescript@npm:^13.1.2":
  version: 13.1.2
  resolution: "json-schema-to-typescript@npm:13.1.2"
  dependencies:
    "@bcherny/json-schema-ref-parser": "npm:10.0.5-fork"
    "@types/json-schema": "npm:^7.0.11"
    "@types/lodash": "npm:^4.14.182"
    "@types/prettier": "npm:^2.6.1"
    cli-color: "npm:^2.0.2"
    get-stdin: "npm:^8.0.0"
    glob: "npm:^7.1.6"
    glob-promise: "npm:^4.2.2"
    is-glob: "npm:^4.0.3"
    lodash: "npm:^4.17.21"
    minimist: "npm:^1.2.6"
    mkdirp: "npm:^1.0.4"
    mz: "npm:^2.7.0"
    prettier: "npm:^2.6.2"
  bin:
    json2ts: dist/src/cli.js
  checksum: 10c0/bdbe67f1ccb10a6c636ba1860e5cda43125fb7530e52c787ee414f113651f00a7d57ac9144028a1f13eb4c6e01634b2932aa670e3b94505fe2c5b64166d77fea
  languageName: node
  linkType: hard

"json-schema-traverse@npm:^1.0.0":
  version: 1.0.0
  resolution: "json-schema-traverse@npm:1.0.0"
  checksum: 10c0/71e30015d7f3d6dc1c316d6298047c8ef98a06d31ad064919976583eb61e1018a60a0067338f0f79cabc00d84af3fcc489bd48ce8a46ea165d9541ba17fb30c6
  languageName: node
  linkType: hard

"lodash@npm:^4.17.21":
  version: 4.17.23
  resolution: "lodash@npm:4.17.23"
  checksum: 10c0/1264a90469f5bb95d4739c43eb6277d15b6d9e186df4ac68c3620443160fc669e2f14c11e7d8b2ccf078b81d06147c01a8ccced9aab9f9f63d50dcf8cace6bf6
  languageName: node
  linkType: hard

"lru-queue@npm:^0.1.0":
  version: 0.1.0
  resolution: "lru-queue@npm:0.1.0"
  dependencies:
    es5-ext: "npm:~0.10.2"
  checksum: 10c0/83517032b46843601c4528be65e8aaf85f5a7860a9cfa3e4f2b5591da436e7cd748d95b450c91434c4ffb75d3ae4c069ddbdd9f71ada56a99a00c03088c51b4d
  languageName: node
  linkType: hard

"memoizee@npm:^0.4.15":
  version: 0.4.17
  resolution: "memoizee@npm:0.4.17"
  dependencies:
    d: "npm:^1.0.2"
    es5-ext: "npm:^0.10.64"
    es6-weak-map: "npm:^2.0.3"
    event-emitter: "npm:^0.3.5"
    is-promise: "npm:^2.2.2"
    lru-queue: "npm:^0.1.0"
    next-tick: "npm:^1.1.0"
    timers-ext: "npm:^0.1.7"
  checksum: 10c0/19821d055f0f641e79b718f91d6d89a6c92840643234a6f4e91d42aa330e8406f06c47d3828931e177c38830aa9b959710e5b7f0013be452af46d0f9eae4baf4
  languageName: node
  linkType: hard

"merge2@npm:^1.3.0":
  version: 1.4.1
  resolution: "merge2@npm:1.4.1"
  checksum: 10c0/254a8a4605b58f450308fc474c82ac9a094848081bf4c06778200207820e5193726dc563a0d2c16468810516a5c97d9d3ea0ca6585d23c58ccfff2403e8dbbeb
  languageName: node
  linkType: hard

"micromatch@npm:^4.0.8":
  version: 4.0.8
  resolution: "micromatch@npm:4.0.8"
  dependencies:
    braces: "npm:^3.0.3"
    picomatch: "npm:^2.3.1"
  checksum: 10c0/166fa6eb926b9553f32ef81f5f531d27b4ce7da60e5baf8c021d043b27a388fb95e46a8038d5045877881e673f8134122b59624d5cecbd16eb50a42e7a6b5ca8
  languageName: node
  linkType: hard

"minimatch@npm:^3.1.1":
  version: 3.1.2
  resolution: "minimatch@npm:3.1.2"
  dependencies:
    brace-expansion: "npm:^1.1.7"
  checksum: 10c0/0262810a8fc2e72cca45d6fd86bd349eee435eb95ac6aa45c9ea2180e7ee875ef44c32b55b5973ceabe95ea12682f6e3725cbb63d7a2d1da3ae1163c8b210311
  languageName: node
  linkType: hard

"minimist@npm:^1.2.6":
  version: 1.2.8
  resolution: "minimist@npm:1.2.8"
  checksum: 10c0/19d3fcdca050087b84c2029841a093691a91259a47def2f18222f41e7645a0b7c44ef4b40e88a1e58a40c84d2ef0ee6047c55594d298146d0eb3f6b737c20ce6
  languageName: node
  linkType: hard

"mkdirp@npm:^1.0.4":
  version: 1.0.4
  resolution: "mkdirp@npm:1.0.4"
  bin:
    mkdirp: bin/cmd.js
  checksum: 10c0/46ea0f3ffa8bc6a5bc0c7081ffc3907777f0ed6516888d40a518c5111f8366d97d2678911ad1a6882bf592fa9de6c784fea32e1687bb94e1f4944170af48a5cf
  languageName: node
  linkType: hard

"mz@npm:^2.7.0":
  version: 2.7.0
  resolution: "mz@npm:2.7.0"
  dependencies:
    any-promise: "npm:^1.0.0"
    object-assign: "npm:^4.0.1"
    thenify-all: "npm:^1.0.0"
  checksum: 10c0/103114e93f87362f0b56ab5b2e7245051ad0276b646e3902c98397d18bb8f4a77f2ea4a2c9d3ad516034ea3a56553b60d3f5f78220001ca4c404bd711bd0af39
  languageName: node
  linkType: hard

"next-tick@npm:^1.1.0":
  version: 1.1.0
  resolution: "next-tick@npm:1.1.0"
  checksum: 10c0/3ba80dd805fcb336b4f52e010992f3e6175869c8d88bf4ff0a81d5d66e6049f89993463b28211613e58a6b7fe93ff5ccbba0da18d4fa574b96289e8f0b577f28
  languageName: node
  linkType: hard

"object-assign@npm:^4.0.1":
  version: 4.1.1
  resolution: "object-assign@npm:4.1.1"
  checksum: 10c0/1f4df9945120325d041ccf7b86f31e8bcc14e73d29171e37a7903050e96b81323784ec59f93f102ec635bcf6fa8034ba3ea0a8c7e69fa202b87ae3b6cec5a414
  languageName: node
  linkType: hard

"once@npm:^1.3.0":
  version: 1.4.0
  resolution: "once@npm:1.4.0"
  dependencies:
    wrappy: "npm:1"
  checksum: 10c0/5d48aca287dfefabd756621c5dfce5c91a549a93e9fdb7b8246bc4c4790aa2ec17b34a260530474635147aeb631a2dcc8b32c613df0675f96041cbb8244517d0
  languageName: node
  linkType: hard

"path-is-absolute@npm:^1.0.0":
  version: 1.0.1
  resolution: "path-is-absolute@npm:1.0.1"
  checksum: 10c0/127da03c82172a2a50099cddbf02510c1791fc2cc5f7713ddb613a56838db1e8168b121a920079d052e0936c23005562059756d653b7c544c53185efe53be078
  languageName: node
  linkType: hard

"picomatch@npm:^2.3.1":
  version: 2.3.1
  resolution: "picomatch@npm:2.3.1"
  checksum: 10c0/26c02b8d06f03206fc2ab8d16f19960f2ff9e81a658f831ecb656d8f17d9edc799e8364b1f4a7873e89d9702dff96204be0fa26fe4181f6843f040f819dac4be
  languageName: node
  linkType: hard

"prettier@npm:^2.6.2":
  version: 2.8.8
  resolution: "prettier@npm:2.8.8"
  bin:
    prettier: bin-prettier.js
  checksum: 10c0/463ea8f9a0946cd5b828d8cf27bd8b567345cf02f56562d5ecde198b91f47a76b7ac9eae0facd247ace70e927143af6135e8cf411986b8cb8478784a4d6d724a
  languageName: node
  linkType: hard

"queue-microtask@npm:^1.2.2":
  version: 1.2.3
  resolution: "queue-microtask@npm:1.2.3"
  checksum: 10c0/900a93d3cdae3acd7d16f642c29a642aea32c2026446151f0778c62ac089d4b8e6c986811076e1ae180a694cedf077d453a11b58ff0a865629a4f82ab558e102
  languageName: node
  linkType: hard

"require-from-string@npm:^2.0.2":
  version: 2.0.2
  resolution: "require-from-string@npm:2.0.2"
  checksum: 10c0/aaa267e0c5b022fc5fd4eef49d8285086b15f2a1c54b28240fdf03599cbd9c26049fee3eab894f2e1f6ca65e513b030a7c264201e3f005601e80c49fb2937ce2
  languageName: node
  linkType: hard

"reusify@npm:^1.0.4":
  version: 1.1.0
  resolution: "reusify@npm:1.1.0"
  checksum: 10c0/4eff0d4a5f9383566c7d7ec437b671cc51b25963bd61bf127c3f3d3f68e44a026d99b8d2f1ad344afff8d278a8fe70a8ea092650a716d22287e8bef7126bb2fa
  languageName: node
  linkType: hard

"run-parallel@npm:^1.1.9":
  version: 1.2.0
  resolution: "run-parallel@npm:1.2.0"
  dependencies:
    queue-microtask: "npm:^1.2.2"
  checksum: 10c0/200b5ab25b5b8b7113f9901bfe3afc347e19bb7475b267d55ad0eb86a62a46d77510cb0f232507c9e5d497ebda569a08a9867d0d14f57a82ad5564d991588b39
  languageName: node
  linkType: hard

"thenify-all@npm:^1.0.0":
  version: 1.6.0
  resolution: "thenify-all@npm:1.6.0"
  dependencies:
    thenify: "npm:>= 3.1.0 < 4"
  checksum: 10c0/9b896a22735e8122754fe70f1d65f7ee691c1d70b1f116fda04fea103d0f9b356e3676cb789506e3909ae0486a79a476e4914b0f92472c2e093d206aed4b7d6b
  languageName: node
  linkType: hard

"thenify@npm:>= 3.1.0 < 4":
  version: 3.3.1
  resolution: "thenify@npm:3.3.1"
  dependencies:
    any-promise: "npm:^1.0.0"
  checksum: 10c0/f375aeb2b05c100a456a30bc3ed07ef03a39cbdefe02e0403fb714b8c7e57eeaad1a2f5c4ecfb9ce554ce3db9c2b024eba144843cd9e344566d9fcee73b04767
  languageName: node
  linkType: hard

"timers-ext@npm:^0.1.7":
  version: 0.1.8
  resolution: "timers-ext@npm:0.1.8"
  dependencies:
    es5-ext: "npm:^0.10.64"
    next-tick: "npm:^1.1.0"
  checksum: 10c0/d0222d0c171d08df69e51462e3fa2085744d13f8ac82b27597db05db1a09bc4244e03ea3cebe89ba279fd43f45daa39156acbe5b6ae5a9b9d62d300543312533
  languageName: node
  linkType: hard

"to-regex-range@npm:^5.0.1":
  version: 5.0.1
  resolution: "to-regex-range@npm:5.0.1"
  dependencies:
    is-number: "npm:^7.0.0"
  checksum: 10c0/487988b0a19c654ff3e1961b87f471702e708fa8a8dd02a298ef16da7206692e8552a0250e8b3e8759270f62e9d8314616f6da274734d3b558b1fc7b7724e892
  languageName: node
  linkType: hard

"type@npm:^2.7.2":
  version: 2.7.3
  resolution: "type@npm:2.7.3"
  checksum: 10c0/dec6902c2c42fcb86e3adf8cdabdf80e5ef9de280872b5fd547351e9cca2fe58dd2aa6d2547626ddff174145db272f62d95c7aa7038e27c11315657d781a688d
  languageName: node
  linkType: hard

"undici-types@npm:~7.16.0":
  version: 7.16.0
  resolution: "undici-types@npm:7.16.0"
  checksum: 10c0/3033e2f2b5c9f1504bdc5934646cb54e37ecaca0f9249c983f7b1fc2e87c6d18399ebb05dc7fd5419e02b2e915f734d872a65da2e3eeed1813951c427d33cc9a
  languageName: node
  linkType: hard

"wrappy@npm:1":
  version: 1.0.2
  resolution: "wrappy@npm:1.0.2"
  checksum: 10c0/56fece1a4018c6a6c8e28fbc88c87e0fbf4ea8fd64fc6c63b18f4acc4bd13e0ad2515189786dd2c30d3eec9663d70f4ecf699330002f8ccb547e4a18231fc9f0
  languageName: node
  linkType: hard

"yaml@npm:^2.4.5":
  version: 2.8.2
  resolution: "yaml@npm:2.8.2"
  bin:
    yaml: bin.mjs
  checksum: 10c0/703e4dc1e34b324aa66876d63618dcacb9ed49f7e7fe9b70f1e703645be8d640f68ab84f12b86df8ac960bac37acf5513e115de7c970940617ce0343c8c9cd96
  languageName: node
  linkType: hard
